
Microsoft Visual Studio Solution File, Format Version 12.00
# Visual Studio Version 17
VisualStudioVersion = 17.9.34701.34
MinimumVisualStudioVersion = 10.0.40219.1
Project("{9A19103F-16F7-4668-BE54-9A1E7A4F7556}") = "WebApplication1", "WebApplication1\WebApplication1.csproj", "{0D34A836-EF81-497F-A855-41D0DDEA7EFA}"
EndProject
Project("{FAE04EC0-301F-11D3-BF4B-00C04F79EFBC}") = "SocialMedia.DataLayer", "SocialMedia.DataLayer\SocialMedia.DataLayer.csproj", "{72AFA3B4-2FA5-421F-A1FD-CADA826168C8}"
EndProject
Project("{FAE04EC0-301F-11D3-BF4B-00C04F79EFBC}") = "SocialMedia.Core", "SocialMedia.Core\SocialMedia.Core.csproj", "{B6BAC8BB-92D7-4293-A432-3BF91F214D2E}"
EndProject
Global
	GlobalSection(SolutionConfigurationPlatforms) = preSolution
		Debug|Any CPU = Debug|Any CPU
		Release|Any CPU = Release|Any CPU
	EndGlobalSection
	GlobalSection(ProjectConfigurationPlatforms) = postSolution
		{0D34A836-EF81-497F-A855-41D0DDEA7EFA}.Debug|Any CPU.ActiveCfg = Debug|Any CPU
		{0D34A836-EF81-497F-A855-41D0DDEA7EFA}.Debug|Any CPU.Build.0 = Debug|Any CPU
		{0D34A836-EF81-497F-A855-41D0DDEA7EFA}.Release|Any CPU.ActiveCfg = Release|Any CPU
		{0D34A836-EF81-497F-A855-41D0DDEA7EFA}.Release|Any CPU.Build.0 = Release|Any CPU
		{72AFA3B4-2FA5-421F-A1FD-CADA826168C8}.Debug|Any CPU.ActiveCfg = Debug|Any CPU
		{72AFA3B4-2FA5-421F-A1FD-CADA826168C8}.Debug|Any CPU.Build.0 = Debug|Any CPU
		{72AFA3B4-2FA5-421F-A1FD-CADA826168C8}.Release|Any CPU.ActiveCfg = Release|Any CPU
		{72AFA3B4-2FA5-421F-A1FD-CADA826168C8}.Release|Any CPU.Build.0 = Release|Any CPU
		{B6BAC8BB-92D7-4293-A432-3BF91F214D2E}.Debug|Any CPU.ActiveCfg = Debug|Any CPU
		{B6BAC8BB-92D7-4293-A432-3BF91F214D2E}.Debug|Any CPU.Build.0 = Debug|Any CPU
		{B6BAC8BB-92D7-4293-A432-3BF91F214D2E}.Release|Any CPU.ActiveCfg = Release|Any CPU
		{B6BAC8BB-92D7-4293-A432-3BF91F214D2E}.Release|Any CPU.Build.0 = Release|Any CPU
	EndGlobalSection
	GlobalSection(SolutionProperties) = preSolution
		HideSolutionNode = FALSE
	EndGlobalSection
	GlobalSection(ExtensibilityGlobals) = postSolution
		SolutionGuid = {0B57A5DE-7861-4BAD-AD64-4779A9A163A7}
	EndGlobalSection
EndGlobal
